
Microsoft Visual Studio Solution File, Format Version 12.00
# Visual Studio Version 17
VisualStudioVersion = 17.0.31903.59
MinimumVisualStudioVersion = 10.0.40219.1
Project("{FAE04EC0-301F-11D3-BF4B-00C04F79EFBC}") = "Blur1", "Blur1\Blur1.csproj", "{DD5E0BA5-5E25-424A-97E1-F0D2386F47F5}"
EndProject
Global
	GlobalSection(SolutionConfigurationPlatforms) = preSolution
		Debug|Any CPU = Debug|Any CPU
		Release|Any CPU = Release|Any CPU
	EndGlobalSection
	GlobalSection(ProjectConfigurationPlatforms) = postSolution
		{DD5E0BA5-5E25-424A-97E1-F0D2386F47F5}.Debug|Any CPU.ActiveCfg = Debug|Any CPU
		{DD5E0BA5-5E25-424A-97E1-F0D2386F47F5}.Debug|Any CPU.Build.0 = Debug|Any CPU
		{DD5E0BA5-5E25-424A-97E1-F0D2386F47F5}.Release|Any CPU.ActiveCfg = Release|Any CPU
		{DD5E0BA5-5E25-424A-97E1-F0D2386F47F5}.Release|Any CPU.Build.0 = Release|Any CPU
	EndGlobalSection
	GlobalSection(SolutionProperties) = preSolution
		HideSolutionNode = FALSE
	EndGlobalSection
	GlobalSection(ExtensibilityGlobals) = postSolution
		SolutionGuid = {CDBD5E6B-F6AE-4AB0-AFAA-089BC18282D3}
	EndGlobalSection
EndGlobal
